
Microsoft Visual Studio Solution File, Format Version 12.00
# Visual Studio Version 17
VisualStudioVersion = 17.8.34525.116
MinimumVisualStudioVersion = 10.0.40219.1
Project("{2150E333-8FDC-42A3-9474-1A3956D46DE8}") = "MVC", "MVC", "{2BFA2975-3D66-4D91-8473-EA1FB2A85681}"
EndProject
Project("{9A19103F-16F7-4668-BE54-9A1E7A4F7556}") = "MusicInstrumentsApp.Domain", "..\MusicInstrumentsApp.Domain\MusicInstrumentsApp.Domain.csproj", "{C6374AE6-7606-430D-A83D-496E2978AD2D}"
EndProject
Project("{9A19103F-16F7-4668-BE54-9A1E7A4F7556}") = "MusicInstrumentsApp.Infrastructure", "MusicInstrumentsApp.Infrastructure\MusicInstrumentsApp.Infrastructure.csproj", "{B24CEFE5-6959-4B2E-9376-7055F1B10781}"
EndProject
Project("{FAE04EC0-301F-11D3-BF4B-00C04F79EFBC}") = "MusicInstrumentsApp.WebMVC", "MusicInstrumentsApp.WebMVC\MusicInstrumentsApp.WebMVC.csproj", "{BD2F1C56-3C98-435B-9E0C-DBAEE2A00F11}"
EndProject
Global
	GlobalSection(SolutionConfigurationPlatforms) = preSolution
		Debug|Any CPU = Debug|Any CPU
		Release|Any CPU = Release|Any CPU
	EndGlobalSection
	GlobalSection(ProjectConfigurationPlatforms) = postSolution
		{C6374AE6-7606-430D-A83D-496E2978AD2D}.Debug|Any CPU.ActiveCfg = Debug|Any CPU
		{C6374AE6-7606-430D-A83D-496E2978AD2D}.Debug|Any CPU.Build.0 = Debug|Any CPU
		{C6374AE6-7606-430D-A83D-496E2978AD2D}.Release|Any CPU.ActiveCfg = Release|Any CPU
		{C6374AE6-7606-430D-A83D-496E2978AD2D}.Release|Any CPU.Build.0 = Release|Any CPU
		{B24CEFE5-6959-4B2E-9376-7055F1B10781}.Debug|Any CPU.ActiveCfg = Debug|Any CPU
		{B24CEFE5-6959-4B2E-9376-7055F1B10781}.Debug|Any CPU.Build.0 = Debug|Any CPU
		{B24CEFE5-6959-4B2E-9376-7055F1B10781}.Release|Any CPU.ActiveCfg = Release|Any CPU
		{B24CEFE5-6959-4B2E-9376-7055F1B10781}.Release|Any CPU.Build.0 = Release|Any CPU
		{BD2F1C56-3C98-435B-9E0C-DBAEE2A00F11}.Debug|Any CPU.ActiveCfg = Debug|Any CPU
		{BD2F1C56-3C98-435B-9E0C-DBAEE2A00F11}.Debug|Any CPU.Build.0 = Debug|Any CPU
		{BD2F1C56-3C98-435B-9E0C-DBAEE2A00F11}.Release|Any CPU.ActiveCfg = Release|Any CPU
		{BD2F1C56-3C98-435B-9E0C-DBAEE2A00F11}.Release|Any CPU.Build.0 = Release|Any CPU
	EndGlobalSection
	GlobalSection(SolutionProperties) = preSolution
		HideSolutionNode = FALSE
	EndGlobalSection
	GlobalSection(NestedProjects) = preSolution
		{C6374AE6-7606-430D-A83D-496E2978AD2D} = {2BFA2975-3D66-4D91-8473-EA1FB2A85681}
		{B24CEFE5-6959-4B2E-9376-7055F1B10781} = {2BFA2975-3D66-4D91-8473-EA1FB2A85681}
		{BD2F1C56-3C98-435B-9E0C-DBAEE2A00F11} = {2BFA2975-3D66-4D91-8473-EA1FB2A85681}
	EndGlobalSection
	GlobalSection(ExtensibilityGlobals) = postSolution
		SolutionGuid = {03860FAF-9074-42A4-9062-CCDCCE4BC1AC}
	EndGlobalSection
EndGlobal
